
Microsoft Visual Studio Solution File, Format Version 12.00
# Visual Studio Version 17
VisualStudioVersion = 17.9.34728.123
MinimumVisualStudioVersion = 10.0.40219.1
Project("{FAE04EC0-301F-11D3-BF4B-00C04F79EFBC}") = "Molninlamning1", "Molninlamning1.csproj", "{5649AF1D-046D-4327-A470-891BBE55ADF9}"
EndProject
Global
	GlobalSection(SolutionConfigurationPlatforms) = preSolution
		Debug|Any CPU = Debug|Any CPU
		Release|Any CPU = Release|Any CPU
	EndGlobalSection
	GlobalSection(ProjectConfigurationPlatforms) = postSolution
		{5649AF1D-046D-4327-A470-891BBE55ADF9}.Debug|Any CPU.ActiveCfg = Debug|Any CPU
		{5649AF1D-046D-4327-A470-891BBE55ADF9}.Debug|Any CPU.Build.0 = Debug|Any CPU
		{5649AF1D-046D-4327-A470-891BBE55ADF9}.Release|Any CPU.ActiveCfg = Release|Any CPU
		{5649AF1D-046D-4327-A470-891BBE55ADF9}.Release|Any CPU.Build.0 = Release|Any CPU
	EndGlobalSection
	GlobalSection(SolutionProperties) = preSolution
		HideSolutionNode = FALSE
	EndGlobalSection
	GlobalSection(ExtensibilityGlobals) = postSolution
		SolutionGuid = {CDD64B8E-641C-4E57-A381-4D079D96E879}
	EndGlobalSection
EndGlobal
